// !$*UTF8*$!
{
	archiveVersion = 1;
	classes = {
	};
	objectVersion = 46;
	objects = {

/* Begin PBXBuildFile section */
		F6BE04C81EBAD0A7002FBD93 /* AppDelegate.swift in Sources */ = {isa = PBXBuildFile; fileRef = F6BE04C71EBAD0A7002FBD93 /* AppDelegate.swift */; };
		F6BE04CA1EBAD0A7002FBD93 /* ViewController.swift in Sources */ = {isa = PBXBuildFile; fileRef = F6BE04C91EBAD0A7002FBD93 /* ViewController.swift */; };
		F6BE04CD1EBAD0A7002FBD93 /* Main.storyboard in Resources */ = {isa = PBXBuildFile; fileRef = F6BE04CB1EBAD0A7002FBD93 /* Main.storyboard */; };
		F6BE04CF1EBAD0A7002FBD93 /* Assets.xcassets in Resources */ = {isa = PBXBuildFile; fileRef = F6BE04CE1EBAD0A7002FBD93 /* Assets.xcassets */; };
		F6BE04D21EBAD0A7002FBD93 /* LaunchScreen.storyboard in Resources */ = {isa = PBXBuildFile; fileRef = F6BE04D01EBAD0A7002FBD93 /* LaunchScreen.storyboard */; };
		F6BE04DA1EBBCDD7002FBD93 /* InstructionsViewController.swift in Sources */ = {isa = PBXBuildFile; fileRef = F6BE04D91EBBCDD7002FBD93 /* InstructionsViewController.swift */; };
/* End PBXBuildFile section */

/* Begin PBXFileReference section */
		F6BE04C41EBAD0A7002FBD93 /* Sleepy Bear.app */ = {isa = PBXFileReference; explicitFileType = wrapper.application; includeInIndex = 0; path = "Sleepy Bear.app"; sourceTree = BUILT_PRODUCTS_DIR; };
		F6BE04C71EBAD0A7002FBD93 /* AppDelegate.swift */ = {isa = PBXFileReference; lastKnownFileType = sourcecode.swift; path = AppDelegate.swift; sourceTree = "<group>"; };
		F6BE04C91EBAD0A7002FBD93 /* ViewController.swift */ = {isa = PBXFileReference; lastKnownFileType = sourcecode.swift; path = ViewController.swift; sourceTree = "<group>"; };
		F6BE04CC1EBAD0A7002FBD93 /* Base */ = {isa = PBXFileReference; lastKnownFileType = file.storyboard; name = Base; path = Base.lproj/Main.storyboard; sourceTree = "<group>"; };
		F6BE04CE1EBAD0A7002FBD93 /* Assets.xcassets */ = {isa = PBXFileReference; lastKnownFileType = folder.assetcatalog; path = Assets.xcassets; sourceTree = "<group>"; };
		F6BE04D11EBAD0A7002FBD93 /* Base */ = {isa = PBXFileReference; lastKnownFileType = file.storyboard; name = Base; path = Base.lproj/LaunchScreen.storyboard; sourceTree = "<group>"; };
		F6BE04D31EBAD0A7002FBD93 /* Info.plist */ = {isa = PBXFileReference; lastKnownFileType = text.plist.xml; path = Info.plist; sourceTree = "<group>"; };
		F6BE04D91EBBCDD7002FBD93 /* InstructionsViewController.swift */ = {isa = PBXFileReference; fileEncoding = 4; lastKnownFileType = sourcecode.swift; path = InstructionsViewController.swift; sourceTree = "<group>"; };
/* End PBXFileReference section */

/* Begin PBXFrameworksBuildPhase section */
		F6BE04C11EBAD0A7002FBD93 /* Frameworks */ = {
			isa = PBXFrameworksBuildPhase;
			buildActionMask = 2147483647;
			files = (
			);
			runOnlyForDeploymentPostprocessing = 0;
		};
/* End PBXFrameworksBuildPhase section */

/* Begin PBXGroup section */
		F6BE04BB1EBAD0A7002FBD93 = {
			isa = PBXGroup;
			children = (
				F6BE04C61EBAD0A7002FBD93 /* Sleepy Bear */,
				F6BE04C51EBAD0A7002FBD93 /* Products */,
			);
			sourceTree = "<group>";
		};
		F6BE04C51EBAD0A7002FBD93 /* Products */ = {
			isa = PBXGroup;
			children = (
				F6BE04C41EBAD0A7002FBD93 /* Sleepy Bear.app */,
			);
			name = Products;
			sourceTree = "<group>";
		};
		F6BE04C61EBAD0A7002FBD93 /* Sleepy Bear */ = {
			isa = PBXGroup;
			children = (
				F6BE04C71EBAD0A7002FBD93 /* AppDelegate.swift */,
				F6BE04C91EBAD0A7002FBD93 /* ViewController.swift */,
				F6BE04D91EBBCDD7002FBD93 /* InstructionsViewController.swift */,
				F6BE04CB1EBAD0A7002FBD93 /* Main.storyboard */,
				F6BE04CE1EBAD0A7002FBD93 /* Assets.xcassets */,
				F6BE04D01EBAD0A7002FBD93 /* LaunchScreen.storyboard */,
				F6BE04D31EBAD0A7002FBD93 /* Info.plist */,
			);
			path = "Sleepy Bear";
			sourceTree = "<group>";
		};
/* End PBXGroup section */

/* Begin PBXNativeTarget section */
		F6BE04C31EBAD0A7002FBD93 /* Sleepy Bear */ = {
			isa = PBXNativeTarget;
			buildConfigurationList = F6BE04D61EBAD0A7002FBD93 /* Build configuration list for PBXNativeTarget "Sleepy Bear" */;
			buildPhases = (
				F6BE04C01EBAD0A7002FBD93 /* Sources */,
				F6BE04C11EBAD0A7002FBD93 /* Frameworks */,
				F6BE04C21EBAD0A7002FBD93 /* Resources */,
			);
			buildRules = (
			);
			dependencies = (
			);
			name = "Sleepy Bear";
			productName = "Sleepy Bear";
			productReference = F6BE04C41EBAD0A7002FBD93 /* Sleepy Bear.app */;
			productType = "com.apple.product-type.application";
		};
/* End PBXNativeTarget section */

/* Begin PBXProject section */
		F6BE04BC1EBAD0A7002FBD93 /* Project object */ = {
			isa = PBXProject;
			attributes = {
				LastSwiftUpdateCheck = 0830;
				LastUpgradeCheck = 0830;
				ORGANIZATIONNAME = "Moustache Motion";
				TargetAttributes = {
					F6BE04C31EBAD0A7002FBD93 = {
						CreatedOnToolsVersion = 8.3.2;
						DevelopmentTeam = 35PJMC5RFP;
						ProvisioningStyle = Automatic;
					};
				};
			};
			buildConfigurationList = F6BE04BF1EBAD0A7002FBD93 /* Build configuration list for PBXProject "Sleepy Bear" */;
			compatibilityVersion = "Xcode 3.2";
			developmentRegion = English;
			hasScannedForEncodings = 0;
			knownRegions = (
				en,
				Base,
			);
			mainGroup = F6BE04BB1EBAD0A7002FBD93;
			productRefGroup = F6BE04C51EBAD0A7002FBD93 /* Products */;
			projectDirPath = "";
			projectRoot = "";
			targets = (
				F6BE04C31EBAD0A7002FBD93 /* Sleepy Bear */,
			);
		};
/* End PBXProject section */

/* Begin PBXResourcesBuildPhase section */
		F6BE04C21EBAD0A7002FBD93 /* Resources */ = {
			isa = PBXResourcesBuildPhase;
			buildActionMask = 2147483647;
			files = (
				F6BE04D21EBAD0A7002FBD93 /* LaunchScreen.storyboard in Resources */,
				F6BE04CF1EBAD0A7002FBD93 /* Assets.xcassets in Resources */,
				F6BE04CD1EBAD0A7002FBD93 /* Main.storyboard in Resources */,
			);
			runOnlyForDeploymentPostprocessing = 0;
		};
/* End PBXResourcesBuildPhase section */

/* Begin PBXSourcesBuildPhase section */
		F6BE04C01EBAD0A7002FBD93 /* Sources */ = {
			isa = PBXSourcesBuildPhase;
			buildActionMask = 2147483647;
			files = (
				F6BE04DA1EBBCDD7002FBD93 /* InstructionsViewController.swift in Sources */,
				F6BE04CA1EBAD0A7002FBD93 /* ViewController.swift in Sources */,
				F6BE04C81EBAD0A7002FBD93 /* AppDelegate.swift in Sources */,
			);
			runOnlyForDeploymentPostprocessing = 0;
		};
/* End PBXSourcesBuildPhase section */

/* Begin PBXVariantGroup section */
		F6BE04CB1EBAD0A7002FBD93 /* Main.storyboard */ = {
			isa = PBXVariantGroup;
			children = (
				F6BE04CC1EBAD0A7002FBD93 /* Base */,
			);
			name = Main.storyboard;
			sourceTree = "<group>";
		};
		F6BE04D01EBAD0A7002FBD93 /* LaunchScreen.storyboard */ = {
			isa = PBXVariantGroup;
			children = (
				F6BE04D11EBAD0A7002FBD93 /* Base */,
			);
			name = LaunchScreen.storyboard;
			sourceTree = "<group>";
		};
/* End PBXVariantGroup section */

/* Begin XCBuildConfiguration section */
		F6BE04D41EBAD0A7002FBD93 /* Debug */ = {
			isa = XCBuildConfiguration;
			buildSettings = {
				ALWAYS_SEARCH_USER_PATHS = NO;
				CLANG_ANALYZER_NONNULL = YES;
				CLANG_ANALYZER_NUMBER_OBJECT_CONVERSION = YES_AGGRESSIVE;
				CLANG_CXX_LANGUAGE_STANDARD = "gnu++0x";
				CLANG_CXX_LIBRARY = "libc++";
				CLANG_ENABLE_MODULES = YES;
				CLANG_ENABLE_OBJC_ARC = YES;
				CLANG_WARN_BOOL_CONVERSION = YES;
				CLANG_WARN_CONSTANT_CONVERSION = YES;
				CLANG_WARN_DIRECT_OBJC_ISA_USAGE = YES_ERROR;
				CLANG_WARN_DOCUMENTATION_COMMENTS = YES;
				CLANG_WARN_EMPTY_BODY = YES;
				CLANG_WARN_ENUM_CONVERSION = YES;
				CLANG_WARN_INFINITE_RECURSION = YES;
				CLANG_WARN_INT_CONVERSION = YES;
				CLANG_WARN_OBJC_ROOT_CLASS = YES_ERROR;
				CLANG_WARN_SUSPICIOUS_MOVE = YES;
				CLANG_WARN_UNREACHABLE_CODE = YES;
				CLANG_WARN__DUPLICATE_METHOD_MATCH = YES;
				"CODE_SIGN_IDENTITY[sdk=iphoneos*]" = "iPhone Developer";
				COPY_PHASE_STRIP = NO;
				DEBUG_INFORMATION_FORMAT = dwarf;
				ENABLE_STRICT_OBJC_MSGSEND = YES;
				ENABLE_TESTABILITY = YES;
				GCC_C_LANGUAGE_STANDARD = gnu99;
				GCC_DYNAMIC_NO_PIC = NO;
				GCC_NO_COMMON_BLOCKS = YES;
				GCC_OPTIMIZATION_LEVEL = 0;
				GCC_PREPROCESSOR_DEFINITIONS = (
					"DEBUG=1",
					"$(inherited)",
				);
				GCC_WARN_64_TO_32_BIT_CONVERSION = YES;
				GCC_WARN_ABOUT_RETURN_TYPE = YES_ERROR;
				GCC_WARN_UNDECLARED_SELECTOR = YES;
				GCC_WARN_UNINITIALIZED_AUTOS = YES_AGGRESSIVE;
				GCC_WARN_UNUSED_FUNCTION = YES;
				GCC_WARN_UNUSED_VARIABLE = YES;
				IPHONEOS_DEPLOYMENT_TARGET = 10.3;
				MTL_ENABLE_DEBUG_INFO = YES;
				ONLY_ACTIVE_ARCH = YES;
				SDKROOT = iphoneos;
				SWIFT_ACTIVE_COMPILATION_CONDITIONS = DEBUG;
				SWIFT_OPTIMIZATION_LEVEL = "-Onone";
				TARGETED_DEVICE_FAMILY = "1,2";
			};
			name = Debug;
		};
		F6BE04D51EBAD0A7002FBD93 /* Release */ = {
			isa = XCBuildConfiguration;
			buildSettings = {
				ALWAYS_SEARCH_USER_PATHS = NO;
				CLANG_ANALYZER_NONNULL = YES;
				CLANG_ANALYZER_NUMBER_OBJECT_CONVERSION = YES_AGGRESSIVE;
				CLANG_CXX_LANGUAGE_STANDARD = "gnu++0x";
				CLANG_CXX_LIBRARY = "libc++";
				CLANG_ENABLE_MODULES = YES;
				CLANG_ENABLE_OBJC_ARC = YES;
				CLANG_WARN_BOOL_CONVERSION = YES;
				CLANG_WARN_CONSTANT_CONVERSION = YES;
				CLANG_WARN_DIRECT_OBJC_ISA_USAGE = YES_ERROR;
				CLANG_WARN_DOCUMENTATION_COMMENTS = YES;
				CLANG_WARN_EMPTY_BODY = YES;
				CLANG_WARN_ENUM_CONVERSION = YES;
				CLANG_WARN_INFINITE_RECURSION = YES;
				CLANG_WARN_INT_CONVERSION = YES;
				CLANG_WARN_OBJC_ROOT_CLASS = YES_ERROR;
				CLANG_WARN_SUSPICIOUS_MOVE = YES;
				CLANG_WARN_UNREACHABLE_CODE = YES;
				CLANG_WARN__DUPLICATE_METHOD_MATCH = YES;
				"CODE_SIGN_IDENTITY[sdk=iphoneos*]" = "iPhone Developer";
				COPY_PHASE_STRIP = NO;
				DEBUG_INFORMATION_FORMAT = "dwarf-with-dsym";
				ENABLE_NS_ASSERTIONS = NO;
				ENABLE_STRICT_OBJC_MSGSEND = YES;
				GCC_C_LANGUAGE_STANDARD = gnu99;
				GCC_NO_COMMON_BLOCKS = YES;
				GCC_WARN_64_TO_32_BIT_CONVERSION = YES;
				GCC_WARN_ABOUT_RETURN_TYPE = YES_ERROR;
				GCC_WARN_UNDECLARED_SELECTOR = YES;
				GCC_WARN_UNINITIALIZED_AUTOS = YES_AGGRESSIVE;
				GCC_WARN_UNUSED_FUNCTION = YES;
				GCC_WARN_UNUSED_VARIABLE = YES;
				IPHONEOS_DEPLOYMENT_TARGET = 10.3;
				MTL_ENABLE_DEBUG_INFO = NO;
				SDKROOT = iphoneos;
				SWIFT_OPTIMIZATION_LEVEL = "-Owholemodule";
				TARGETED_DEVICE_FAMILY = "1,2";
				VALIDATE_PRODUCT = YES;
			};
			name = Release;
		};
		F6BE04D71EBAD0A7002FBD93 /* Debug */ = {
			isa = XCBuildConfiguration;
			buildSettings = {
				ASSETCATALOG_COMPILER_APPICON_NAME = AppIcon;
				DEVELOPMENT_TEAM = 35PJMC5RFP;
				INFOPLIST_FILE = "Sleepy Bear/Info.plist";
				LD_RUNPATH_SEARCH_PATHS = "$(inherited) @executable_path/Frameworks";
				PRODUCT_BUNDLE_IDENTIFIER = "com.MoustacheMotion.Sleepy-Bear";
				PRODUCT_NAME = "$(TARGET_NAME)";
				SWIFT_VERSION = 3.0;
			};
			name = Debug;
		};
		F6BE04D81EBAD0A7002FBD93 /* Release */ = {
			isa = XCBuildConfiguration;
			buildSettings = {
				ASSETCATALOG_COMPILER_APPICON_NAME = AppIcon;
				DEVELOPMENT_TEAM = 35PJMC5RFP;
				INFOPLIST_FILE = "Sleepy Bear/Info.plist";
				LD_RUNPATH_SEARCH_PATHS = "$(inherited) @executable_path/Frameworks";
				PRODUCT_BUNDLE_IDENTIFIER = "com.MoustacheMotion.Sleepy-Bear";
				PRODUCT_NAME = "$(TARGET_NAME)";
				SWIFT_VERSION = 3.0;
			};
			name = Release;
		};
/* End XCBuildConfiguration section */

/* Begin XCConfigurationList section */
		F6BE04BF1EBAD0A7002FBD93 /* Build configuration list for PBXProject "Sleepy Bear" */ = {
			isa = XCConfigurationList;
			buildConfigurations = (
				F6BE04D41EBAD0A7002FBD93 /* Debug */,
				F6BE04D51EBAD0A7002FBD93 /* Release */,
			);
			defaultConfigurationIsVisible = 0;
			defaultConfigurationName = Release;
		};
		F6BE04D61EBAD0A7002FBD93 /* Build configuration list for PBXNativeTarget "Sleepy Bear" */ = {
			isa = XCConfigurationList;
			buildConfigurations = (
				F6BE04D71EBAD0A7002FBD93 /* Debug */,
				F6BE04D81EBAD0A7002FBD93 /* Release */,
			);
			defaultConfigurationIsVisible = 0;
		};
/* End XCConfigurationList section */
	};
	rootObject = F6BE04BC1EBAD0A7002FBD93 /* Project object */;
}
